
Microsoft Visual Studio Solution File, Format Version 12.00
# Visual Studio Version 17
VisualStudioVersion = 17.0.31903.59
MinimumVisualStudioVersion = 10.0.40219.1
Project("{FAE04EC0-301F-11D3-BF4B-00C04F79EFBC}") = "Neap.Core", "src\Neap.Core\Neap.Core.csproj", "{29CB4F5C-001C-472C-9789-AD4E1C3046FE}"
EndProject
Project("{FAE04EC0-301F-11D3-BF4B-00C04F79EFBC}") = "Neap.Probe", "src\Neap.Probe\Neap.Probe.csproj", "{77364C90-50EB-495D-BD68-8B66129CCA1A}"
EndProject
Project("{FAE04EC0-301F-11D3-BF4B-00C04F79EFBC}") = "Neap.App", "src\Neap.App\Neap.App.csproj", "{CC23FF79-2638-468C-9BE7-CF4DE0842964}"
EndProject
Project("{FAE04EC0-301F-11D3-BF4B-00C04F79EFBC}") = "Neap.Core.Tests", "tests\Neap.Core.Tests\Neap.Core.Tests.csproj", "{806EA91F-7BAB-494C-8576-1819152CFA0C}"
EndProject
Project("{2150E333-8FDC-42A3-9474-1A3956D46DE8}") = "src", "src", "{827E0CD3-B72D-47B6-A68D-7590B98EB39B}"
EndProject
Project("{FAE04EC0-301F-11D3-BF4B-00C04F79EFBC}") = "Neap.Services", "src\Neap.Services\Neap.Services.csproj", "{14957881-1E3E-4043-BCCD-31A14C50B27E}"
EndProject
Project("{FAE04EC0-301F-11D3-BF4B-00C04F79EFBC}") = "Neap.Desktop", "src\Neap.Desktop\Neap.Desktop.csproj", "{8F0EFDF6-137B-4E0C-B14E-811E97A5C5A5}"
EndProject
Project("{FAE04EC0-301F-11D3-BF4B-00C04F79EFBC}") = "Neap.WinRt", "src\Neap.WinRt\Neap.WinRt.csproj", "{07F3732C-6490-4111-B5F3-BFE590A7D8CB}"
EndProject
Global
	GlobalSection(SolutionConfigurationPlatforms) = preSolution
		Debug|Any CPU = Debug|Any CPU
		Debug|x64 = Debug|x64
		Debug|x86 = Debug|x86
		Release|Any CPU = Release|Any CPU
		Release|x64 = Release|x64
		Release|x86 = Release|x86
	EndGlobalSection
	GlobalSection(ProjectConfigurationPlatforms) = postSolution
		{29CB4F5C-001C-472C-9789-AD4E1C3046FE}.Debug|Any CPU.ActiveCfg = Debug|Any CPU
		{29CB4F5C-001C-472C-9789-AD4E1C3046FE}.Debug|Any CPU.Build.0 = Debug|Any CPU
		{29CB4F5C-001C-472C-9789-AD4E1C3046FE}.Debug|x64.ActiveCfg = Debug|Any CPU
		{29CB4F5C-001C-472C-9789-AD4E1C3046FE}.Debug|x64.Build.0 = Debug|Any CPU
		{29CB4F5C-001C-472C-9789-AD4E1C3046FE}.Debug|x86.ActiveCfg = Debug|Any CPU
		{29CB4F5C-001C-472C-9789-AD4E1C3046FE}.Debug|x86.Build.0 = Debug|Any CPU
		{29CB4F5C-001C-472C-9789-AD4E1C3046FE}.Release|Any CPU.ActiveCfg = Release|Any CPU
		{29CB4F5C-001C-472C-9789-AD4E1C3046FE}.Release|Any CPU.Build.0 = Release|Any CPU
		{29CB4F5C-001C-472C-9789-AD4E1C3046FE}.Release|x64.ActiveCfg = Release|Any CPU
		{29CB4F5C-001C-472C-9789-AD4E1C3046FE}.Release|x64.Build.0 = Release|Any CPU
		{29CB4F5C-001C-472C-9789-AD4E1C3046FE}.Release|x86.ActiveCfg = Release|Any CPU
		{29CB4F5C-001C-472C-9789-AD4E1C3046FE}.Release|x86.Build.0 = Release|Any CPU
		{77364C90-50EB-495D-BD68-8B66129CCA1A}.Debug|Any CPU.ActiveCfg = Debug|Any CPU
		{77364C90-50EB-495D-BD68-8B66129CCA1A}.Debug|Any CPU.Build.0 = Debug|Any CPU
		{77364C90-50EB-495D-BD68-8B66129CCA1A}.Debug|x64.ActiveCfg = Debug|Any CPU
		{77364C90-50EB-495D-BD68-8B66129CCA1A}.Debug|x64.Build.0 = Debug|Any CPU
		{77364C90-50EB-495D-BD68-8B66129CCA1A}.Debug|x86.ActiveCfg = Debug|Any CPU
		{77364C90-50EB-495D-BD68-8B66129CCA1A}.Debug|x86.Build.0 = Debug|Any CPU
		{77364C90-50EB-495D-BD68-8B66129CCA1A}.Release|Any CPU.ActiveCfg = Release|Any CPU
		{77364C90-50EB-495D-BD68-8B66129CCA1A}.Release|Any CPU.Build.0 = Release|Any CPU
		{77364C90-50EB-495D-BD68-8B66129CCA1A}.Release|x64.ActiveCfg = Release|Any CPU
		{77364C90-50EB-495D-BD68-8B66129CCA1A}.Release|x64.Build.0 = Release|Any CPU
		{77364C90-50EB-495D-BD68-8B66129CCA1A}.Release|x86.ActiveCfg = Release|Any CPU
		{77364C90-50EB-495D-BD68-8B66129CCA1A}.Release|x86.Build.0 = Release|Any CPU
		{CC23FF79-2638-468C-9BE7-CF4DE0842964}.Debug|Any CPU.ActiveCfg = Debug|x64
		{CC23FF79-2638-468C-9BE7-CF4DE0842964}.Debug|Any CPU.Build.0 = Debug|x64
		{CC23FF79-2638-468C-9BE7-CF4DE0842964}.Debug|x64.ActiveCfg = Debug|x64
		{CC23FF79-2638-468C-9BE7-CF4DE0842964}.Debug|x64.Build.0 = Debug|x64
		{CC23FF79-2638-468C-9BE7-CF4DE0842964}.Debug|x86.ActiveCfg = Debug|Any CPU
		{CC23FF79-2638-468C-9BE7-CF4DE0842964}.Debug|x86.Build.0 = Debug|Any CPU
		{CC23FF79-2638-468C-9BE7-CF4DE0842964}.Release|Any CPU.ActiveCfg = Release|x64
		{CC23FF79-2638-468C-9BE7-CF4DE0842964}.Release|Any CPU.Build.0 = Release|x64
		{CC23FF79-2638-468C-9BE7-CF4DE0842964}.Release|x64.ActiveCfg = Release|x64
		{CC23FF79-2638-468C-9BE7-CF4DE0842964}.Release|x64.Build.0 = Release|x64
		{CC23FF79-2638-468C-9BE7-CF4DE0842964}.Release|x86.ActiveCfg = Release|Any CPU
		{CC23FF79-2638-468C-9BE7-CF4DE0842964}.Release|x86.Build.0 = Release|Any CPU
		{806EA91F-7BAB-494C-8576-1819152CFA0C}.Debug|Any CPU.ActiveCfg = Debug|Any CPU
		{806EA91F-7BAB-494C-8576-1819152CFA0C}.Debug|Any CPU.Build.0 = Debug|Any CPU
		{806EA91F-7BAB-494C-8576-1819152CFA0C}.Debug|x64.ActiveCfg = Debug|Any CPU
		{806EA91F-7BAB-494C-8576-1819152CFA0C}.Debug|x64.Build.0 = Debug|Any CPU
		{806EA91F-7BAB-494C-8576-1819152CFA0C}.Debug|x86.ActiveCfg = Debug|Any CPU
		{806EA91F-7BAB-494C-8576-1819152CFA0C}.Debug|x86.Build.0 = Debug|Any CPU
		{806EA91F-7BAB-494C-8576-1819152CFA0C}.Release|Any CPU.ActiveCfg = Release|Any CPU
		{806EA91F-7BAB-494C-8576-1819152CFA0C}.Release|Any CPU.Build.0 = Release|Any CPU
		{806EA91F-7BAB-494C-8576-1819152CFA0C}.Release|x64.ActiveCfg = Release|Any CPU
		{806EA91F-7BAB-494C-8576-1819152CFA0C}.Release|x64.Build.0 = Release|Any CPU
		{806EA91F-7BAB-494C-8576-1819152CFA0C}.Release|x86.ActiveCfg = Release|Any CPU
		{806EA91F-7BAB-494C-8576-1819152CFA0C}.Release|x86.Build.0 = Release|Any CPU
		{14957881-1E3E-4043-BCCD-31A14C50B27E}.Debug|Any CPU.ActiveCfg = Debug|Any CPU
		{14957881-1E3E-4043-BCCD-31A14C50B27E}.Debug|Any CPU.Build.0 = Debug|Any CPU
		{14957881-1E3E-4043-BCCD-31A14C50B27E}.Debug|x64.ActiveCfg = Debug|Any CPU
		{14957881-1E3E-4043-BCCD-31A14C50B27E}.Debug|x64.Build.0 = Debug|Any CPU
		{14957881-1E3E-4043-BCCD-31A14C50B27E}.Debug|x86.ActiveCfg = Debug|Any CPU
		{14957881-1E3E-4043-BCCD-31A14C50B27E}.Debug|x86.Build.0 = Debug|Any CPU
		{14957881-1E3E-4043-BCCD-31A14C50B27E}.Release|Any CPU.ActiveCfg = Release|Any CPU
		{14957881-1E3E-4043-BCCD-31A14C50B27E}.Release|Any CPU.Build.0 = Release|Any CPU
		{14957881-1E3E-4043-BCCD-31A14C50B27E}.Release|x64.ActiveCfg = Release|Any CPU
		{14957881-1E3E-4043-BCCD-31A14C50B27E}.Release|x64.Build.0 = Release|Any CPU
		{14957881-1E3E-4043-BCCD-31A14C50B27E}.Release|x86.ActiveCfg = Release|Any CPU
		{14957881-1E3E-4043-BCCD-31A14C50B27E}.Release|x86.Build.0 = Release|Any CPU
		{8F0EFDF6-137B-4E0C-B14E-811E97A5C5A5}.Debug|Any CPU.ActiveCfg = Debug|Any CPU
		{8F0EFDF6-137B-4E0C-B14E-811E97A5C5A5}.Debug|Any CPU.Build.0 = Debug|Any CPU
		{8F0EFDF6-137B-4E0C-B14E-811E97A5C5A5}.Debug|x64.ActiveCfg = Debug|Any CPU
		{8F0EFDF6-137B-4E0C-B14E-811E97A5C5A5}.Debug|x64.Build.0 = Debug|Any CPU
		{8F0EFDF6-137B-4E0C-B14E-811E97A5C5A5}.Debug|x86.ActiveCfg = Debug|Any CPU
		{8F0EFDF6-137B-4E0C-B14E-811E97A5C5A5}.Debug|x86.Build.0 = Debug|Any CPU
		{8F0EFDF6-137B-4E0C-B14E-811E97A5C5A5}.Release|Any CPU.ActiveCfg = Release|Any CPU
		{8F0EFDF6-137B-4E0C-B14E-811E97A5C5A5}.Release|Any CPU.Build.0 = Release|Any CPU
		{8F0EFDF6-137B-4E0C-B14E-811E97A5C5A5}.Release|x64.ActiveCfg = Release|Any CPU
		{8F0EFDF6-137B-4E0C-B14E-811E97A5C5A5}.Release|x64.Build.0 = Release|Any CPU
		{8F0EFDF6-137B-4E0C-B14E-811E97A5C5A5}.Release|x86.ActiveCfg = Release|Any CPU
		{8F0EFDF6-137B-4E0C-B14E-811E97A5C5A5}.Release|x86.Build.0 = Release|Any CPU
		{07F3732C-6490-4111-B5F3-BFE590A7D8CB}.Debug|Any CPU.ActiveCfg = Debug|x64
		{07F3732C-6490-4111-B5F3-BFE590A7D8CB}.Debug|Any CPU.Build.0 = Debug|x64
		{07F3732C-6490-4111-B5F3-BFE590A7D8CB}.Debug|x64.ActiveCfg = Debug|x64
		{07F3732C-6490-4111-B5F3-BFE590A7D8CB}.Debug|x64.Build.0 = Debug|x64
		{07F3732C-6490-4111-B5F3-BFE590A7D8CB}.Debug|x86.ActiveCfg = Debug|x64
		{07F3732C-6490-4111-B5F3-BFE590A7D8CB}.Debug|x86.Build.0 = Debug|x64
		{07F3732C-6490-4111-B5F3-BFE590A7D8CB}.Release|Any CPU.ActiveCfg = Release|x64
		{07F3732C-6490-4111-B5F3-BFE590A7D8CB}.Release|Any CPU.Build.0 = Release|x64
		{07F3732C-6490-4111-B5F3-BFE590A7D8CB}.Release|x64.ActiveCfg = Release|x64
		{07F3732C-6490-4111-B5F3-BFE590A7D8CB}.Release|x64.Build.0 = Release|x64
		{07F3732C-6490-4111-B5F3-BFE590A7D8CB}.Release|x86.ActiveCfg = Release|x64
		{07F3732C-6490-4111-B5F3-BFE590A7D8CB}.Release|x86.Build.0 = Release|x64
	EndGlobalSection
	GlobalSection(SolutionProperties) = preSolution
		HideSolutionNode = FALSE
	EndGlobalSection
	GlobalSection(NestedProjects) = preSolution
		{14957881-1E3E-4043-BCCD-31A14C50B27E} = {827E0CD3-B72D-47B6-A68D-7590B98EB39B}
		{8F0EFDF6-137B-4E0C-B14E-811E97A5C5A5} = {827E0CD3-B72D-47B6-A68D-7590B98EB39B}
		{07F3732C-6490-4111-B5F3-BFE590A7D8CB} = {827E0CD3-B72D-47B6-A68D-7590B98EB39B}
	EndGlobalSection
EndGlobal
