
Microsoft Visual Studio Solution File, Format Version 12.00
# Visual Studio Version 17
VisualStudioVersion = 17.0.31903.59
MinimumVisualStudioVersion = 10.0.40219.1
Project("{FAE04EC0-301F-11D3-BF4B-00C04F79EFBC}") = "StealthPro.Core", "StealthPro.Core\StealthPro.Core.csproj", "{29CB4F5C-001C-472C-9789-AD4E1C3046FE}"
EndProject
Project("{FAE04EC0-301F-11D3-BF4B-00C04F79EFBC}") = "StealthPro.Probe", "StealthPro.Probe\StealthPro.Probe.csproj", "{77364C90-50EB-495D-BD68-8B66129CCA1A}"
EndProject
Project("{FAE04EC0-301F-11D3-BF4B-00C04F79EFBC}") = "StealthPro.App", "StealthPro.App\StealthPro.App.csproj", "{CC23FF79-2638-468C-9BE7-CF4DE0842964}"
EndProject
Global
	GlobalSection(SolutionConfigurationPlatforms) = preSolution
		Debug|Any CPU = Debug|Any CPU
		Debug|x64 = Debug|x64
		Release|Any CPU = Release|Any CPU
		Release|x64 = Release|x64
	EndGlobalSection
	GlobalSection(ProjectConfigurationPlatforms) = postSolution
		{29CB4F5C-001C-472C-9789-AD4E1C3046FE}.Debug|Any CPU.ActiveCfg = Debug|Any CPU
		{29CB4F5C-001C-472C-9789-AD4E1C3046FE}.Debug|Any CPU.Build.0 = Debug|Any CPU
		{29CB4F5C-001C-472C-9789-AD4E1C3046FE}.Debug|x64.ActiveCfg = Debug|Any CPU
		{29CB4F5C-001C-472C-9789-AD4E1C3046FE}.Debug|x64.Build.0 = Debug|Any CPU
		{29CB4F5C-001C-472C-9789-AD4E1C3046FE}.Release|Any CPU.ActiveCfg = Release|Any CPU
		{29CB4F5C-001C-472C-9789-AD4E1C3046FE}.Release|Any CPU.Build.0 = Release|Any CPU
		{29CB4F5C-001C-472C-9789-AD4E1C3046FE}.Release|x64.ActiveCfg = Release|Any CPU
		{29CB4F5C-001C-472C-9789-AD4E1C3046FE}.Release|x64.Build.0 = Release|Any CPU
		{77364C90-50EB-495D-BD68-8B66129CCA1A}.Debug|Any CPU.ActiveCfg = Debug|Any CPU
		{77364C90-50EB-495D-BD68-8B66129CCA1A}.Debug|Any CPU.Build.0 = Debug|Any CPU
		{77364C90-50EB-495D-BD68-8B66129CCA1A}.Debug|x64.ActiveCfg = Debug|Any CPU
		{77364C90-50EB-495D-BD68-8B66129CCA1A}.Debug|x64.Build.0 = Debug|Any CPU
		{77364C90-50EB-495D-BD68-8B66129CCA1A}.Release|Any CPU.ActiveCfg = Release|Any CPU
		{77364C90-50EB-495D-BD68-8B66129CCA1A}.Release|Any CPU.Build.0 = Release|Any CPU
		{77364C90-50EB-495D-BD68-8B66129CCA1A}.Release|x64.ActiveCfg = Release|Any CPU
		{77364C90-50EB-495D-BD68-8B66129CCA1A}.Release|x64.Build.0 = Release|Any CPU
		{CC23FF79-2638-468C-9BE7-CF4DE0842964}.Debug|Any CPU.ActiveCfg = Debug|x64
		{CC23FF79-2638-468C-9BE7-CF4DE0842964}.Debug|Any CPU.Build.0 = Debug|x64
		{CC23FF79-2638-468C-9BE7-CF4DE0842964}.Debug|x64.ActiveCfg = Debug|x64
		{CC23FF79-2638-468C-9BE7-CF4DE0842964}.Debug|x64.Build.0 = Debug|x64
		{CC23FF79-2638-468C-9BE7-CF4DE0842964}.Release|Any CPU.ActiveCfg = Release|x64
		{CC23FF79-2638-468C-9BE7-CF4DE0842964}.Release|Any CPU.Build.0 = Release|x64
		{CC23FF79-2638-468C-9BE7-CF4DE0842964}.Release|x64.ActiveCfg = Release|x64
		{CC23FF79-2638-468C-9BE7-CF4DE0842964}.Release|x64.Build.0 = Release|x64
	EndGlobalSection
	GlobalSection(SolutionProperties) = preSolution
		HideSolutionNode = FALSE
	EndGlobalSection
EndGlobal
